
Microsoft Visual Studio Solution File, Format Version 12.00
# Visual Studio Version 17
VisualStudioVersion = 17.0.32014.148
MinimumVisualStudioVersion = 10.0.40219.1
Project("{FAE04EC0-301F-11D3-BF4B-00C04F79EFBC}") = "LearnOOPEngDemirog", "LearnOOPEngDemirog\LearnOOPEngDemirog.csproj", "{827583FA-2078-43AC-A580-3D01699306E0}"
EndProject
Global
	GlobalSection(SolutionConfigurationPlatforms) = preSolution
		Debug|Any CPU = Debug|Any CPU
		Release|Any CPU = Release|Any CPU
	EndGlobalSection
	GlobalSection(ProjectConfigurationPlatforms) = postSolution
		{827583FA-2078-43AC-A580-3D01699306E0}.Debug|Any CPU.ActiveCfg = Debug|Any CPU
		{827583FA-2078-43AC-A580-3D01699306E0}.Debug|Any CPU.Build.0 = Debug|Any CPU
		{827583FA-2078-43AC-A580-3D01699306E0}.Release|Any CPU.ActiveCfg = Release|Any CPU
		{827583FA-2078-43AC-A580-3D01699306E0}.Release|Any CPU.Build.0 = Release|Any CPU
	EndGlobalSection
	GlobalSection(SolutionProperties) = preSolution
		HideSolutionNode = FALSE
	EndGlobalSection
	GlobalSection(ExtensibilityGlobals) = postSolution
		SolutionGuid = {6A8326E1-CDC1-4B1A-A7DB-EFFF6C780173}
	EndGlobalSection
EndGlobal
