
Microsoft Visual Studio Solution File, Format Version 12.00
# Visual Studio Version 17
VisualStudioVersion = 17.0.32014.148
MinimumVisualStudioVersion = 10.0.40219.1
Project("{9A19103F-16F7-4668-BE54-9A1E7A4F7556}") = "LearnOOPEngDemirog", "LearnOOPEngDemirog\LearnOOPEngDemirog.csproj", "{827583FA-2078-43AC-A580-3D01699306E0}"
EndProject
Project("{9A19103F-16F7-4668-BE54-9A1E7A4F7556}") = "InterfacesDemo", "InterfacesDemo\InterfacesDemo.csproj", "{A66EF5E4-1C73-445D-852E-E4155B915D17}"
EndProject
Project("{9A19103F-16F7-4668-BE54-9A1E7A4F7556}") = "Inheritance", "Inheritance\Inheritance.csproj", "{40486D51-2149-4FEE-8BEC-A30B3C6978F4}"
EndProject
Project("{9A19103F-16F7-4668-BE54-9A1E7A4F7556}") = "VirtualMethods", "VirtualMethods\VirtualMethods.csproj", "{8C6FFCBE-5A88-4BF3-BEFC-81D84B8B45A4}"
EndProject
Project("{9A19103F-16F7-4668-BE54-9A1E7A4F7556}") = "AbstractClasses", "AbstractClasses\AbstractClasses.csproj", "{4426BED5-1037-49C8-8594-2C944904F513}"
EndProject
Project("{9A19103F-16F7-4668-BE54-9A1E7A4F7556}") = "RecapDemo", "RecapDemo\RecapDemo.csproj", "{92E0D44A-45BE-414D-856C-EDD6BF0C7773}"
EndProject
Project("{9A19103F-16F7-4668-BE54-9A1E7A4F7556}") = "Constructor", "Constructor\Constructor.csproj", "{865BED46-E04F-449D-8A75-7195B8CD68E3}"
EndProject
Project("{9A19103F-16F7-4668-BE54-9A1E7A4F7556}") = "Abstraction", "Abstraction\Abstraction.csproj", "{8ED74511-624B-4C5E-BD6B-777D44FB096A}"
EndProject
Project("{2150E333-8FDC-42A3-9474-1A3956D46DE8}") = "Solution Items", "Solution Items", "{CD13C4AF-EB15-4D58-9C42-0BBF98943FCF}"
EndProject
Project("{FAE04EC0-301F-11D3-BF4B-00C04F79EFBC}") = "GameProject", "GameProject\GameProject.csproj", "{ED2C857E-9F11-423D-9CCE-73DBADAE0461}"
EndProject
Global
	GlobalSection(SolutionConfigurationPlatforms) = preSolution
		Debug|Any CPU = Debug|Any CPU
		Release|Any CPU = Release|Any CPU
	EndGlobalSection
	GlobalSection(ProjectConfigurationPlatforms) = postSolution
		{827583FA-2078-43AC-A580-3D01699306E0}.Debug|Any CPU.ActiveCfg = Debug|Any CPU
		{827583FA-2078-43AC-A580-3D01699306E0}.Debug|Any CPU.Build.0 = Debug|Any CPU
		{827583FA-2078-43AC-A580-3D01699306E0}.Release|Any CPU.ActiveCfg = Release|Any CPU
		{827583FA-2078-43AC-A580-3D01699306E0}.Release|Any CPU.Build.0 = Release|Any CPU
		{A66EF5E4-1C73-445D-852E-E4155B915D17}.Debug|Any CPU.ActiveCfg = Debug|Any CPU
		{A66EF5E4-1C73-445D-852E-E4155B915D17}.Debug|Any CPU.Build.0 = Debug|Any CPU
		{A66EF5E4-1C73-445D-852E-E4155B915D17}.Release|Any CPU.ActiveCfg = Release|Any CPU
		{A66EF5E4-1C73-445D-852E-E4155B915D17}.Release|Any CPU.Build.0 = Release|Any CPU
		{40486D51-2149-4FEE-8BEC-A30B3C6978F4}.Debug|Any CPU.ActiveCfg = Debug|Any CPU
		{40486D51-2149-4FEE-8BEC-A30B3C6978F4}.Debug|Any CPU.Build.0 = Debug|Any CPU
		{40486D51-2149-4FEE-8BEC-A30B3C6978F4}.Release|Any CPU.ActiveCfg = Release|Any CPU
		{40486D51-2149-4FEE-8BEC-A30B3C6978F4}.Release|Any CPU.Build.0 = Release|Any CPU
		{8C6FFCBE-5A88-4BF3-BEFC-81D84B8B45A4}.Debug|Any CPU.ActiveCfg = Debug|Any CPU
		{8C6FFCBE-5A88-4BF3-BEFC-81D84B8B45A4}.Debug|Any CPU.Build.0 = Debug|Any CPU
		{8C6FFCBE-5A88-4BF3-BEFC-81D84B8B45A4}.Release|Any CPU.ActiveCfg = Release|Any CPU
		{8C6FFCBE-5A88-4BF3-BEFC-81D84B8B45A4}.Release|Any CPU.Build.0 = Release|Any CPU
		{4426BED5-1037-49C8-8594-2C944904F513}.Debug|Any CPU.ActiveCfg = Debug|Any CPU
		{4426BED5-1037-49C8-8594-2C944904F513}.Debug|Any CPU.Build.0 = Debug|Any CPU
		{4426BED5-1037-49C8-8594-2C944904F513}.Release|Any CPU.ActiveCfg = Release|Any CPU
		{4426BED5-1037-49C8-8594-2C944904F513}.Release|Any CPU.Build.0 = Release|Any CPU
		{92E0D44A-45BE-414D-856C-EDD6BF0C7773}.Debug|Any CPU.ActiveCfg = Debug|Any CPU
		{92E0D44A-45BE-414D-856C-EDD6BF0C7773}.Debug|Any CPU.Build.0 = Debug|Any CPU
		{92E0D44A-45BE-414D-856C-EDD6BF0C7773}.Release|Any CPU.ActiveCfg = Release|Any CPU
		{92E0D44A-45BE-414D-856C-EDD6BF0C7773}.Release|Any CPU.Build.0 = Release|Any CPU
		{865BED46-E04F-449D-8A75-7195B8CD68E3}.Debug|Any CPU.ActiveCfg = Debug|Any CPU
		{865BED46-E04F-449D-8A75-7195B8CD68E3}.Debug|Any CPU.Build.0 = Debug|Any CPU
		{865BED46-E04F-449D-8A75-7195B8CD68E3}.Release|Any CPU.ActiveCfg = Release|Any CPU
		{865BED46-E04F-449D-8A75-7195B8CD68E3}.Release|Any CPU.Build.0 = Release|Any CPU
		{8ED74511-624B-4C5E-BD6B-777D44FB096A}.Debug|Any CPU.ActiveCfg = Debug|Any CPU
		{8ED74511-624B-4C5E-BD6B-777D44FB096A}.Debug|Any CPU.Build.0 = Debug|Any CPU
		{8ED74511-624B-4C5E-BD6B-777D44FB096A}.Release|Any CPU.ActiveCfg = Release|Any CPU
		{8ED74511-624B-4C5E-BD6B-777D44FB096A}.Release|Any CPU.Build.0 = Release|Any CPU
		{ED2C857E-9F11-423D-9CCE-73DBADAE0461}.Debug|Any CPU.ActiveCfg = Debug|Any CPU
		{ED2C857E-9F11-423D-9CCE-73DBADAE0461}.Debug|Any CPU.Build.0 = Debug|Any CPU
		{ED2C857E-9F11-423D-9CCE-73DBADAE0461}.Release|Any CPU.ActiveCfg = Release|Any CPU
		{ED2C857E-9F11-423D-9CCE-73DBADAE0461}.Release|Any CPU.Build.0 = Release|Any CPU
	EndGlobalSection
	GlobalSection(SolutionProperties) = preSolution
		HideSolutionNode = FALSE
	EndGlobalSection
	GlobalSection(ExtensibilityGlobals) = postSolution
		SolutionGuid = {6A8326E1-CDC1-4B1A-A7DB-EFFF6C780173}
	EndGlobalSection
EndGlobal
